<?xml version="1.0" encoding="utf-8"?>
<Project ToolsVersion="4.0" xmlns="http://schemas.microsoft.com/developer/msbuild/2003">
  <ItemGroup>
    <Filter Include="Source Files">
      <UniqueIdentifier>{4FC737F1-C7A5-4376-A066-2A32D752A2FF}</UniqueIdentifier>
      <Extensions>cpp;c;cc;cxx;c++;cppm;ixx;def;odl;idl;hpj;bat;asm;asmx</Extensions>
    </Filter>
    <Filter Include="Header Files">
      <UniqueIdentifier>{93995380-89BD-4b04-88EB-625FBE52EBFB}</UniqueIdentifier>
      <Extensions>h;hh;hpp;hxx;h++;hm;inl;inc;ipp;xsd</Extensions>
    </Filter>
    <Filter Include="Resource Files">
      <UniqueIdentifier>{ab149a20-6824-4e04-b43b-0e7faf0af966}</UniqueIdentifier>
    </Filter>
    <Filter Include="Resource Files\Tilesets">
      <UniqueIdentifier>{f3c7382d-7b92-48c1-a345-ab85c8dc5b3b}</UniqueIdentifier>
    </Filter>
    <Filter Include="Resource Files\Sprites">
      <UniqueIdentifier>{24065756-c519-4642-a6ed-597f46329a1b}</UniqueIdentifier>
    </Filter>
  </ItemGroup>
  <ItemGroup>
    <ClCompile Include="main.cpp">
      <Filter>Source Files</Filter>
    </ClCompile>
    <ClCompile Include="ResourceManager.cpp">
      <Filter>Source Files</Filter>
    </ClCompile>
    <ClCompile Include="SpriteSheet.cpp">
      <Filter>Source Files</Filter>
    </ClCompile>
    <ClCompile Include="PlayerIdleState.cpp">
      <Filter>Source Files</Filter>
    </ClCompile>
    <ClCompile Include="Player.cpp">
      <Filter>Source Files</Filter>
    </ClCompile>
    <ClCompile Include="PlayerWalkingState.cpp">
      <Filter>Source Files</Filter>
    </ClCompile>
    <ClCompile Include="JsonTileMap.cpp">
      <Filter>Source Files</Filter>
    </ClCompile>
    <ClCompile Include="PlayerJumpState.cpp">
      <Filter>Source Files</Filter>
    </ClCompile>
  </ItemGroup>
  <ItemGroup>
    <None Include="packages.config" />
  </ItemGroup>
  <ItemGroup>
    <ClInclude Include="Core.h">
      <Filter>Header Files</Filter>
    </ClInclude>
    <ClInclude Include="ResourceManager.h">
      <Filter>Header Files</Filter>
    </ClInclude>
    <ClInclude Include="SpriteSheet.h">
      <Filter>Header Files</Filter>
    </ClInclude>
    <ClInclude Include="PlayerIdleState.h">
      <Filter>Header Files</Filter>
    </ClInclude>
    <ClInclude Include="Player.h">
      <Filter>Header Files</Filter>
    </ClInclude>
    <ClInclude Include="PlayerWalkingState.h">
      <Filter>Header Files</Filter>
    </ClInclude>
    <ClInclude Include="JsonTileMap.h">
      <Filter>Header Files</Filter>
    </ClInclude>
    <ClInclude Include="Constants.h">
      <Filter>Header Files</Filter>
    </ClInclude>
    <ClInclude Include="PlayerJumpState.h">
      <Filter>Header Files</Filter>
    </ClInclude>
  </ItemGroup>
  <ItemGroup>
    <Image Include="resources\sprites\cutegirl_idle_left.png">
      <Filter>Resource Files\Sprites</Filter>
    </Image>
    <Image Include="resources\sprites\cutegirl_idle_right.png">
      <Filter>Resource Files\Sprites</Filter>
    </Image>
    <Image Include="resources\sprites\cutegirl_walk_left.png">
      <Filter>Resource Files\Sprites</Filter>
    </Image>
    <Image Include="resources\sprites\cutegirl_walk_right.png">
      <Filter>Resource Files\Sprites</Filter>
    </Image>
    <Image Include="resources\tilesets\tsw_map.png">
      <Filter>Resource Files\Tilesets</Filter>
    </Image>
    <Image Include="resources\tilesets\tsw_map_full.png">
      <Filter>Resource Files\Tilesets</Filter>
    </Image>
    <Image Include="resources\sprites\cutegirl_jump_left.png">
      <Filter>Resource Files\Sprites</Filter>
    </Image>
    <Image Include="resources\sprites\cutegirl_jump_right.png">
      <Filter>Resource Files\Sprites</Filter>
    </Image>
  </ItemGroup>
</Project>